github.com/Eyevinn/mp4ff v0.46.0 h1:A8oJA4A3C9fDbX38jEw/26utjNdvmRmrO37tVI5pDk0=
github.com/Eyevinn/mp4ff v0.46.0/go.mod h1:hJNUUqOBryLAzUW9wpCJyw2HaI+TCd2rUPhafoS5lgg=
github.com/andybalholm/brotli v1.0.5 h1:8uQZIdzKmjc/iuPu7O2ioW48L81FgatrcpfFmiq/cCs=
github.com/andybalholm/brotli v1.0.5/go.mod h1:fO7iG3H7G2nSZ7m0zPUDn85XEX2GTukHGRSepvi9Eig=
github.com/antchfx/xmlquery v1.4.2 h1:MZKd9+wblwxfQ1zd1AdrTsqVaMjMCwow3IqkCSe00KA=
github.com/antchfx/xmlquery v1.4.2/go.mod h1:QXhvf5ldTuGqhd1SHNvvtlhhdQLks4dD0awIVhXIDTA=
github.com/antchfx/xpath v1.3.2 h1:LNjzlsSjinu3bQpw9hWMY9ocB80oLOWuQqFvO6xt51U=
github.com/antchfx/xpath v1.3.2/go.mod h1:i54GszH55fYfBmoZXapTHN8T8tkcHfRgLyVwwqzXNcs=
github.com/chmike/cmac-go v1.1.0 h1:aF73ZAEx9N2WdQc93DOJ2fMsBDAGqUtuenjMJMb3kEI=
github.com/chmike/cmac-go v1.1.0/go.mod h1:wcIN7NRqWSKGuORzd4dReBkoBDE9ZBqfyTVxyDxGeUw=
github.com/davecgh/go-spew v1.1.1 h1:vj9j/u1bqnvCEfJOwUhtlOARqs3+rkHYY13jYWTU97c=
github.com/davecgh/go-spew v1.1.1/go.mod h1:J7Y8YcW2NihsgmVo/mv3lAwl/skON4iLHjSsI+c5H38=
github.com/duke-git/lancet/v2 v2.3.3 h1:OhqzNzkbJBS9ZlWLo/C7g+WSAOAAyNj7p9CAiEHurUc=
github.com/duke-git/lancet/v2 v2.3.3/go.mod h1:zGa2R4xswg6EG9I6WnyubDbFO/+A/RROxIbXcwryTsc=
github.com/elastic/go-windows v1.0.2 h1:yoLLsAsV5cfg9FLhZ9EXZ2n2sQFKeDYrHenkcivY4vI=
github.com/elastic/go-windows v1.0.2/go.mod h1:bGcDpBzXgYSqM0Gx3DM4+UxFj300SZLixie9u9ixLM8=
github.com/go-test/deep v1.1.0 h1:WOcxcdHcvdgThNXjw0t76K42FXTU7HpNQWHpA2HHNlg=
github.com/go-test/deep v1.1.0/go.mod h1:5C2ZWiW0ErCdrYzpqxLbTX7MG14M9iiw8DgHncVwcsE=
github.com/gofiber/fiber/v2 v2.52.5 h1:tWoP1MJQjGEe4GB5TUGOi7P2E0ZMMRx5ZTG4rT+yGMo=
github.com/gofiber/fiber/v2 v2.52.5/go.mod h1:KEOE+cXMhXG0zHc9d8+E38hoX+ZN7bhOtgeF2oT6jrQ=
github.com/golang/groupcache v0.0.0-20210331224755-41bb18bfe9da h1:oI5xCqsCo564l8iNU+DwB5epxmsaqB+rhGL0m5jtYqE=
github.com/golang/groupcache v0.0.0-20210331224755-41bb18bfe9da/go.mod h1:cIg4eruTrX1D+g88fzRXU5OdNfaM+9IcxsU14FzY7Hc=
github.com/google/go-cmp v0.5.8 h1:e6P7q2lk1O+qJJb4BtCQXlK8vWEO8V1ZeuEdJNOqZyg=
github.com/google/go-cmp v0.5.8/go.mod h1:17dUlkBOakJ0+DkrSSNjCkIjxS6bF9zb3elmeNGIjoY=
github.com/google/uuid v1.5.0 h1:1p67kYwdtXjb0gL0BPiP1Av9wiZPo5A8z2cWkTZ+eyU=
github.com/google/uuid v1.5.0/go.mod h1:TIyPZe4MgqvfeYDBFedMoGGpEw/LqOeaOT+nhxU+yHo=
github.com/iyear/gowidevine v0.1.1 h1:LKLz4H1qg2kirIsk3G7uC1Hu7ljUeHBe53XkaDtueFE=
github.com/iyear/gowidevine v0.1.1/go.mod h1:WSp0PHT5F8/jgrC22UI/vtTYhU0Qal6b38rHfGejZFY=
github.com/jchv/go-winloader v0.0.0-20210711035445-715c2860da7e h1:Q3+PugElBCf4PFpxhErSzU3/PY5sFL5Z6rfv4AbGAck=
github.com/jchv/go-winloader v0.0.0-20210711035445-715c2860da7e/go.mod h1:alcuEEnZsY1WQsagKhZDsoPCRoOijYqhZvPwLG0kzVs=
github.com/juju/errors v1.0.0 h1:yiq7kjCLll1BiaRuNY53MGI0+EQ3rF6GB+wvboZDefM=
github.com/juju/errors v1.0.0/go.mod h1:B5x9thDqx0wIMH3+aLIMP9HjItInYWObRovoCFM5Qe8=
github.com/juju/mutex v0.0.0-20180619145857-d21b13acf4bf h1:2d3cilQly1OpAfZcn4QRuwDOdVoHsM4cDTkcKbmO760=
github.com/juju/mutex v0.0.0-20180619145857-d21b13acf4bf/go.mod h1:Y3oOzHH8CQ0Ppt0oCKJ2JFO81/EsWenH5AEqigLH+yY=
github.com/klauspost/compress v1.17.0 h1:Rnbp4K9EjcDuVuHtd0dgA4qNuv9yKDYKK1ulpJwgrqM=
github.com/klauspost/compress v1.17.0/go.mod h1:ntbaceVETuRiXiv4DpjP66DpAtAGkEQskQzEyD//IeE=
github.com/mattn/go-colorable v0.1.13 h1:fFA4WZxdEF4tXPZVKMLwD8oUnCTTo08duU7wxecdEvA=
github.com/mattn/go-colorable v0.1.13/go.mod h1:7S9/ev0klgBDR4GtXTXX8a3vIGJpMovkB8vQcUbaXHg=
github.com/mattn/go-isatty v0.0.16/go.mod h1:kYGgaQfpe5nmfYZH+SKPsOc2e4SrIfOl2e/yFXSvRLM=
github.com/mattn/go-isatty v0.0.20 h1:xfD0iDuEKnDkl03q4limB+vH+GxLEtL/jb4xVJSWWEY=
github.com/mattn/go-isatty v0.0.20/go.mod h1:W+V8PltTTMOvKvAeJH7IuucS94S2C6jfK/D7dTCTo3Y=
github.com/mattn/go-runewidth v0.0.15 h1:UNAjwbU9l54TA3KzvqLGxwWjHmMgBUVhBiTjelZgg3U=
github.com/mattn/go-runewidth v0.0.15/go.mod h1:Jdepj2loyihRzMpdS35Xk/zdY8IAYHsh153qUoGf23w=
github.com/pmezard/go-difflib v1.0.0 h1:4DBwDE0NGyQoBHbLQYPwSUPoCMWR5BEzIk/f1lZbAQM=
github.com/pmezard/go-difflib v1.0.0/go.mod h1:iKH77koFhYxTK1pcRnkKkqfTogsbg7gZNVY4sRDYZ/4=
github.com/rivo/uniseg v0.2.0 h1:S1pD9weZBuJdFmowNwbpi7BJ8TNftyUImj/0WQi72jY=
github.com/rivo/uniseg v0.2.0/go.mod h1:J6wj4VEh+S6ZtnVlnTBMWIodfgj8LQOQFoIToxlJtxc=
github.com/stretchr/testify v1.9.0 h1:HtqpIVDClZ4nwg75+f6Lvsy/wHu+3BoSGCbBAcpTsTg=
github.com/stretchr/testify v1.9.0/go.mod h1:r2ic/lqez/lEtzL7wO/rwa5dbSLXVDPFyf8C91i36aY=
github.com/valyala/bytebufferpool v1.0.0 h1:GqA5TC/0021Y/b9FG4Oi9Mr3q7XYx6KllzawFIhcdPw=
github.com/valyala/bytebufferpool v1.0.0/go.mod h1:6bBcMArwyJ5K/AmCkWv1jt77kVWyCJ6HpOuEn7z0Csc=
github.com/valyala/fasthttp v1.51.0 h1:8b30A5JlZ6C7AS81RsWjYMQmrZG6feChmgAolCl1SqA=
github.com/valyala/fasthttp v1.51.0/go.mod h1:oI2XroL+lI7vdXyYoQk03bXBThfFl2cVdIA3Xl7cH8g=
github.com/valyala/tcplisten v1.0.0 h1:rBHj/Xf+E1tRGZyWIWwJDiRY0zc1Js+CV5DqwacVSA8=
github.com/valyala/tcplisten v1.0.0/go.mod h1:T0xQ8SeCZGxckz9qRXTfG43PvQ/mcWh7FwZEA7Ioqkc=
github.com/wailsapp/go-webview2 v1.0.18 h1:SSSCoLA+MYikSp1U0WmvELF/4c3x5kH8Vi31TKyZ4yk=
github.com/wailsapp/go-webview2 v1.0.18/go.mod h1:qJmWAmAmaniuKGZPWwne+uor3AHMB5PFhqiK0Bbj8kc=
github.com/winlabs/gowin32 v0.0.0-20240930213947-f504d7e14639 h1:9MJGHk/ErosklMjfeS3xTwvDUET8xHH+b9H2oi/GqbY=
github.com/winlabs/gowin32 v0.0.0-20240930213947-f504d7e14639/go.mod h1:N51TYkG9JGR5sytj0EoPl31Xg2kuB507lxEmrwSNvfQ=
github.com/yinyajiang/load_cookie v0.0.0-20241202085500-25bc95ac2a43 h1:i3TTnXXGH6oeTgeTFW6fXZ5XucU5tKGktPK5G1qON2g=
github.com/yinyajiang/load_cookie v0.0.0-20241202085500-25bc95ac2a43/go.mod h1:/jCjc2ixl70oF6wIvwbTDxFDMV98O73Bj7OHQxT38pw=
github.com/yinyajiang/webviewloader v0.0.0-20241202090409-56e3cd79e8c9 h1:pu1WA3Ip5e7MBaW4ScDcGE29esTxZOFvIDQjpzASQj0=
github.com/yinyajiang/webviewloader v0.0.0-20241202090409-56e3cd79e8c9/go.mod h1:RW4mwEJOvXnA6xq190O/2wrHp/dTVgN9mRl/79kzbmg=
github.com/yinyajiang/webviewloader v0.0.0-20241203024642-6cbf24b7ba20 h1:MDpXapr3sJm8htM43LW9x93YVAw94hCmKU3VbBjovPI=
github.com/yinyajiang/webviewloader v0.0.0-20241203024642-6cbf24b7ba20/go.mod h1:RW4mwEJOvXnA6xq190O/2wrHp/dTVgN9mRl/79kzbmg=
github.com/yinyajiang/webviewloader v0.0.0-20241203032420-3da77029f078 h1:p8M5y9fjwCwGbuXTZWjGOGxegwbKxdTEVwyzPFxH5NY=
github.com/yinyajiang/webviewloader v0.0.0-20241203032420-3da77029f078/go.mod h1:RW4mwEJOvXnA6xq190O/2wrHp/dTVgN9mRl/79kzbmg=
github.com/yinyajiang/webviewloader v0.0.0-20241203044835-533a77bb9aa5 h1:drFxWXKeejI8h1G5teSTcYk/lzz0qxiAZcCmtaxANEM=
github.com/yinyajiang/webviewloader v0.0.0-20241203044835-533a77bb9aa5/go.mod h1:RW4mwEJOvXnA6xq190O/2wrHp/dTVgN9mRl/79kzbmg=
github.com/yinyajiang/webviewloader v0.0.0-20241203055715-8da38125daf7 h1:bgl4bNAI/VIdpuftG6pgfnm4KG1jgMD5HkWaTyjwaws=
github.com/yinyajiang/webviewloader v0.0.0-20241203055715-8da38125daf7/go.mod h1:0QjBNFxPQ6kySsZNBg0xGWN2zfuu3oRTDB/gKUphqkM=
github.com/yinyajiang/webviewloader v0.0.0-20241203072610-1c2c70d2bf9a h1:ftKGBE9d1fyr3yu7bl32JovM45u6S19BoBiRK4q8Qdc=
github.com/yinyajiang/webviewloader v0.0.0-20241203072610-1c2c70d2bf9a/go.mod h1:0QjBNFxPQ6kySsZNBg0xGWN2zfuu3oRTDB/gKUphqkM=
github.com/yinyajiang/webviewloader v0.0.0-20241203072823-2bbe741a29dc h1:1jDw2fY5MYcv4YNFHi/qavSYAyw+foaVdE9mud/zN+E=
github.com/yinyajiang/webviewloader v0.0.0-20241203072823-2bbe741a29dc/go.mod h1:0QjBNFxPQ6kySsZNBg0xGWN2zfuu3oRTDB/gKUphqkM=
github.com/yinyajiang/webviewloader v0.0.0-20241204020856-4bb49ac10895 h1:xHwcZ/2FvgOc52euEwgaIU4Ix5gEnoQzjB7HubZkvis=
github.com/yinyajiang/webviewloader v0.0.0-20241204020856-4bb49ac10895/go.mod h1:0QjBNFxPQ6kySsZNBg0xGWN2zfuu3oRTDB/gKUphqkM=
github.com/yinyajiang/webviewloader v0.0.0-20241204032243-7777bbf18912 h1:cqac0JYYDy3rroIa+R8DGSQltPVM6al969WZuR5deP4=
github.com/yinyajiang/webviewloader v0.0.0-20241204032243-7777bbf18912/go.mod h1:T1bFqLf1aponZ+rHk2guVOte3Eveg5HPLGWSGbdILtg=
github.com/yinyajiang/webviewloader v0.0.0-20241205021821-8cd8c27a9cae h1:027m65zfMiEysENku3vjoNezFXt6Q4GZHKBR7kdhj9Y=
github.com/yinyajiang/webviewloader v0.0.0-20241205021821-8cd8c27a9cae/go.mod h1:7Ie5bzXqcF9wvGbv2T+ucTUPgljm7HOx5Ib6b9C5V0M=
github.com/yinyajiang/webviewloader v0.0.0-20241210023921-3e87ea5c7608 h1:JSCgEQHLDkjK19zj0W50URyTMA2k1h+vCBrsGsGzde4=
github.com/yinyajiang/webviewloader v0.0.0-20241210023921-3e87ea5c7608/go.mod h1:8zahORTj8dTMnds0ZzMrC+KbH7Q8ZpFvmVg6UjmIuxc=
github.com/yinyajiang/webviewloader v0.0.0-20241212074901-88396c7bac67 h1:Za1knTeGDzD+tWo9UEx3yvvG51G3Cj4aggRMXsEF050=
github.com/yinyajiang/webviewloader v0.0.0-20241212074901-88396c7bac67/go.mod h1:8zahORTj8dTMnds0ZzMrC+KbH7Q8ZpFvmVg6UjmIuxc=
github.com/yinyajiang/webviewloader v0.0.0-20241216071857-a311c05190e4 h1:yHOJTXCixN67PNUTyvnRMwSlG8jGza5f3nw2H7QLTDw=
github.com/yinyajiang/webviewloader v0.0.0-20241216071857-a311c05190e4/go.mod h1:8zahORTj8dTMnds0ZzMrC+KbH7Q8ZpFvmVg6UjmIuxc=
github.com/yinyajiang/webviewloader v0.0.0-20241216080019-9df2aa20f643 h1:1jC3gNo+0YbWpNbOLoLcgD9GyagvxudxBJqktRG+kEY=
github.com/yinyajiang/webviewloader v0.0.0-20241216080019-9df2aa20f643/go.mod h1:8zahORTj8dTMnds0ZzMrC+KbH7Q8ZpFvmVg6UjmIuxc=
github.com/yinyajiang/webviewloader v0.0.0-20241216082338-314208b6c79a h1:cP7V6/q+DvmJ60Pn3O6HUt3h9fYn09Dr2rEkQmyg1tk=
github.com/yinyajiang/webviewloader v0.0.0-20241216082338-314208b6c79a/go.mod h1:8zahORTj8dTMnds0ZzMrC+KbH7Q8ZpFvmVg6UjmIuxc=
github.com/yuin/goldmark v1.4.13/go.mod h1:6yULJ656Px+3vBD8DxQVa3kxgyrAnzto9xy5taEt/CY=
golang.org/x/crypto v0.0.0-20190308221718-c2843e01d9a2/go.mod h1:djNgcEr1/C05ACkg1iLfiJU5Ep61QUkGW8qpdssI0+w=
golang.org/x/crypto v0.0.0-20210921155107-089bfa567519/go.mod h1:GvvjBRRGRdwPK5ydBHafDWAxML/pGHZbMvKqRZ5+Abc=
golang.org/x/exp v0.0.0-20221208152030-732eee02a75a h1:4iLhBPcpqFmylhnkbY3W0ONLUYYkDAW9xMFLfxgsvCw=
golang.org/x/exp v0.0.0-20221208152030-732eee02a75a/go.mod h1:CxIveKay+FTh1D0yPZemJVgC/95VzuuOLq5Qi4xnoYc=
golang.org/x/mod v0.6.0-dev.0.20220419223038-86c51ed26bb4/go.mod h1:jJ57K6gSWd91VN4djpZkiMVwK6gcyfeH4XE8wZrZaV4=
golang.org/x/net v0.0.0-20190620200207-3b0461eec859/go.mod h1:z5CRVTTTmAJ677TzLLGU+0bjPO0LkuOLi4/5GtJWs/s=
golang.org/x/net v0.0.0-20210226172049-e18ecbb05110/go.mod h1:m0MpNAwzfU5UDzcl9v0D8zg8gWTRqZa9RBIspLL5mdg=
golang.org/x/net v0.0.0-20220722155237-a158d28d115b/go.mod h1:XRhObCWvk6IyKnWLug+ECip1KBveYUHfp+8e9klMJ9c=
golang.org/x/net v0.7.0/go.mod h1:2Tu9+aMcznHK/AK1HMvgo6xiTLG5rD5rZLDS+rp2Bjs=
golang.org/x/net v0.30.0 h1:AcW1SDZMkb8IpzCdQUaIq2sP4sZ4zw+55h6ynffypl4=
golang.org/x/net v0.30.0/go.mod h1:2wGyMJ5iFasEhkwi13ChkO/t1ECNC4X4eBKkVFyYFlU=
golang.org/x/sync v0.0.0-20190423024810-112230192c58/go.mod h1:RxMgew5VJxzue5/jJTE5uejpjVlOe/izrB70Jof72aM=
golang.org/x/sync v0.0.0-20220722155255-886fb9371eb4/go.mod h1:RxMgew5VJxzue5/jJTE5uejpjVlOe/izrB70Jof72aM=
golang.org/x/sys v0.0.0-20190215142949-d0b11bdaac8a/go.mod h1:STP8DvDyc/dI5b8T5hshtkjS+E42TnysNCUPdjciGhY=
golang.org/x/sys v0.0.0-20200810151505-1b9f1253b3ed/go.mod h1:h1NjWce9XRLGQEsW7wpKNCjG9DtNlClVuFLEZdDNbEs=
golang.org/x/sys v0.0.0-20201119102817-f84b799fce68/go.mod h1:h1NjWce9XRLGQEsW7wpKNCjG9DtNlClVuFLEZdDNbEs=
golang.org/x/sys v0.0.0-20210615035016-665e8c7367d1/go.mod h1:oPkhp1MJrh7nUepCBck5+mAzfO9JrbApNNgaTdGDITg=
golang.org/x/sys v0.0.0-20220520151302-bc2c85ada10a/go.mod h1:oPkhp1MJrh7nUepCBck5+mAzfO9JrbApNNgaTdGDITg=
golang.org/x/sys v0.0.0-20220722155257-8c9f86f7a55f/go.mod h1:oPkhp1MJrh7nUepCBck5+mAzfO9JrbApNNgaTdGDITg=
golang.org/x/sys v0.0.0-20220811171246-fbc7d0a398ab/go.mod h1:oPkhp1MJrh7nUepCBck5+mAzfO9JrbApNNgaTdGDITg=
golang.org/x/sys v0.5.0/go.mod h1:oPkhp1MJrh7nUepCBck5+mAzfO9JrbApNNgaTdGDITg=
golang.org/x/sys v0.6.0/go.mod h1:oPkhp1MJrh7nUepCBck5+mAzfO9JrbApNNgaTdGDITg=
golang.org/x/sys v0.27.0 h1:wBqf8DvsY9Y/2P8gAfPDEYNuS30J4lPHJxXSb/nJZ+s=
golang.org/x/sys v0.27.0/go.mod h1:/VUhepiaJMQUp4+oa/7Zr1D23ma6VTLIYjOOTFZPUcA=
golang.org/x/term v0.0.0-20201126162022-7de9c90e9dd1/go.mod h1:bj7SfCRtBDWHUb9snDiAeCFNEtKQo2Wmx5Cou7ajbmo=
golang.org/x/term v0.0.0-20210927222741-03fcf44c2211/go.mod h1:jbD1KX2456YbFQfuXm/mYQcufACuNUgVhRMnK/tPxf8=
golang.org/x/term v0.5.0/go.mod h1:jMB1sMXY+tzblOD4FWmEbocvup2/aLOaQEp7JmGp78k=
golang.org/x/text v0.3.0/go.mod h1:NqM8EUOU14njkJ3fqMW+pc6Ldnwhi/IjpwHt7yyuwOQ=
golang.org/x/text v0.3.3/go.mod h1:5Zoc/QRtKVWzQhOtBMvqHzDpF6irO9z98xDceosuGiQ=
golang.org/x/text v0.3.7/go.mod h1:u+2+/6zg+i71rQMx5EYifcz6MCKuco9NR6JIITiCfzQ=
golang.org/x/text v0.7.0/go.mod h1:mrYo+phRRbMaCq/xk9113O4dZlRixOauAjOtrjsXDZ8=
golang.org/x/text v0.19.0 h1:kTxAhCbGbxhK0IwgSKiMO5awPoDQ0RpfiVYBfK860YM=
golang.org/x/text v0.19.0/go.mod h1:BuEKDfySbSR4drPmRPG/7iBdf8hvFMuRexcpahXilzY=
golang.org/x/tools v0.0.0-20180917221912-90fa682c2a6e/go.mod h1:n7NCudcB/nEzxVGmLbDWY5pfWTLqBcC2KZ6jyYvM4mQ=
golang.org/x/tools v0.0.0-20191119224855-298f0cb1881e/go.mod h1:b+2E5dAYhXwXZwtnZ6UAqBI28+e2cm9otk0dWdXHAEo=
golang.org/x/tools v0.1.12/go.mod h1:hNGJHUnrk76NpqgfD5Aqm5Crs+Hm0VOH/i9J2+nxYbc=
golang.org/x/xerrors v0.0.0-20190717185122-a985d3407aa7/go.mod h1:I/5z698sn9Ka8TeJc9MKroUUfqBBauWjQqLJ2OPfmY0=
google.golang.org/protobuf v1.34.2 h1:6xV6lTsCfpGD21XK49h7MhtcApnLqkfYgPcdHftf6hg=
google.golang.org/protobuf v1.34.2/go.mod h1:qYOHts0dSfpeUzUFpOMr/WGzszTmLH+DiWniOlNbLDw=
gopkg.in/yaml.v3 v3.0.1 h1:fxVm/GzAzEWqLHuvctI91KS9hhNmmWOoWu0XTYJS7CA=
gopkg.in/yaml.v3 v3.0.1/go.mod h1:K4uyk7z7BCEPqu6E+C64Yfv1cQ7kz7rIZviUmN+EgEM=
